// !$*UTF8*$!
{
	archiveVersion = 1;
	classes = {
	};
	objectVersion = 56;
	objects = {

/* Begin PBXBuildFile section */
		630706DA2C3B4AE10011980B /* LoginScreenUIApp.swift in Sources */ = {isa = PBXBuildFile; fileRef = 630706D92C3B4AE10011980B /* LoginScreenUIApp.swift */; };
		630706DC2C3B4AE10011980B /* ContentView.swift in Sources */ = {isa = PBXBuildFile; fileRef = 630706DB2C3B4AE10011980B /* ContentView.swift */; };
		630706DE2C3B4AE20011980B /* Assets.xcassets in Resources */ = {isa = PBXBuildFile; fileRef = 630706DD2C3B4AE20011980B /* Assets.xcassets */; };
		630706E12C3B4AE20011980B /* Preview Assets.xcassets in Resources */ = {isa = PBXBuildFile; fileRef = 630706E02C3B4AE20011980B /* Preview Assets.xcassets */; };
		630706EB2C3B4AE20011980B /* LoginScreenUITests.swift in Sources */ = {isa = PBXBuildFile; fileRef = 630706EA2C3B4AE20011980B /* LoginScreenUITests.swift */; };
		630706F52C3B4AE20011980B /* LoginScreenUIUITests.swift in Sources */ = {isa = PBXBuildFile; fileRef = 630706F42C3B4AE20011980B /* LoginScreenUIUITests.swift */; };
		630706F72C3B4AE20011980B /* LoginScreenUIUITestsLaunchTests.swift in Sources */ = {isa = PBXBuildFile; fileRef = 630706F62C3B4AE20011980B /* LoginScreenUIUITestsLaunchTests.swift */; };
		630707042C3B4EEC0011980B /* CustomColors.swift in Sources */ = {isa = PBXBuildFile; fileRef = 630707032C3B4EEC0011980B /* CustomColors.swift */; };
		630707062C3B65AC0011980B /* FirstView.swift in Sources */ = {isa = PBXBuildFile; fileRef = 630707052C3B65AC0011980B /* FirstView.swift */; };
		630707082C3B669F0011980B /* SecondView.swift in Sources */ = {isa = PBXBuildFile; fileRef = 630707072C3B669F0011980B /* SecondView.swift */; };
		635B35EF2C40B25900C7F060 /* ThirdView.swift in Sources */ = {isa = PBXBuildFile; fileRef = 635B35EE2C40B25900C7F060 /* ThirdView.swift */; };
		635B35F12C40C5D000C7F060 /* HomeScreen.swift in Sources */ = {isa = PBXBuildFile; fileRef = 635B35F02C40C5D000C7F060 /* HomeScreen.swift */; };
		63AF52B72C4C28E9006DB245 /* CustomTabView.swift in Sources */ = {isa = PBXBuildFile; fileRef = 63AF52B62C4C28E9006DB245 /* CustomTabView.swift */; };
		63AF52B92C4C28FE006DB245 /* HealthView.swift in Sources */ = {isa = PBXBuildFile; fileRef = 63AF52B82C4C28FE006DB245 /* HealthView.swift */; };
		63AF52BB2C4C2916006DB245 /* NotificationView.swift in Sources */ = {isa = PBXBuildFile; fileRef = 63AF52BA2C4C2916006DB245 /* NotificationView.swift */; };
		63AF52BD2C4C2953006DB245 /* OportunitiesView.swift in Sources */ = {isa = PBXBuildFile; fileRef = 63AF52BC2C4C2953006DB245 /* OportunitiesView.swift */; };
		63AF52BF2C4C2961006DB245 /* HelpView.swift in Sources */ = {isa = PBXBuildFile; fileRef = 63AF52BE2C4C2961006DB245 /* HelpView.swift */; };
		63AF52C12C4C523C006DB245 /* HomeScreen2.swift in Sources */ = {isa = PBXBuildFile; fileRef = 63AF52C02C4C523C006DB245 /* HomeScreen2.swift */; };
		63AF52C72C4E170A006DB245 /* FocusEntity in Frameworks */ = {isa = PBXBuildFile; productRef = 63AF52C62C4E170A006DB245 /* FocusEntity */; };
		63AF52C92C4E1854006DB245 /* ContentView2.swift in Sources */ = {isa = PBXBuildFile; fileRef = 63AF52C82C4E1854006DB245 /* ContentView2.swift */; };
		63AF52CF2C4E1871006DB245 /* CustomNavBarView.swift in Sources */ = {isa = PBXBuildFile; fileRef = 63AF52CA2C4E1871006DB245 /* CustomNavBarView.swift */; };
		63AF52D02C4E1871006DB245 /* CustomNavView.swift in Sources */ = {isa = PBXBuildFile; fileRef = 63AF52CB2C4E1871006DB245 /* CustomNavView.swift */; };
		63AF52D12C4E1871006DB245 /* CustomNavBarContainerView.swift in Sources */ = {isa = PBXBuildFile; fileRef = 63AF52CC2C4E1871006DB245 /* CustomNavBarContainerView.swift */; };
		63AF52D32C4E1871006DB245 /* CustomNavLink.swift in Sources */ = {isa = PBXBuildFile; fileRef = 63AF52CE2C4E1871006DB245 /* CustomNavLink.swift */; };
		63AF52D92C4E1929006DB245 /* Model.swift in Sources */ = {isa = PBXBuildFile; fileRef = 63AF52D52C4E1929006DB245 /* Model.swift */; };
		63AF52DA2C4E1929006DB245 /* PlacementButtonView.swift in Sources */ = {isa = PBXBuildFile; fileRef = 63AF52D62C4E1929006DB245 /* PlacementButtonView.swift */; };
		63AF52DB2C4E1929006DB245 /* ModelPickerView.swift in Sources */ = {isa = PBXBuildFile; fileRef = 63AF52D72C4E1929006DB245 /* ModelPickerView.swift */; };
		63AF52DC2C4E1929006DB245 /* Models in Resources */ = {isa = PBXBuildFile; fileRef = 63AF52D82C4E1929006DB245 /* Models */; };
		63CF29862C48DB4300815234 /* CuentaView.swift in Sources */ = {isa = PBXBuildFile; fileRef = 63CF29852C48DB4300815234 /* CuentaView.swift */; };
/* End PBXBuildFile section */

/* Begin PBXContainerItemProxy section */
		630706E72C3B4AE20011980B /* PBXContainerItemProxy */ = {
			isa = PBXContainerItemProxy;
			containerPortal = 630706CE2C3B4AE10011980B /* Project object */;
			proxyType = 1;
			remoteGlobalIDString = 630706D52C3B4AE10011980B;
			remoteInfo = LoginScreenUI;
		};
		630706F12C3B4AE20011980B /* PBXContainerItemProxy */ = {
			isa = PBXContainerItemProxy;
			containerPortal = 630706CE2C3B4AE10011980B /* Project object */;
			proxyType = 1;
			remoteGlobalIDString = 630706D52C3B4AE10011980B;
			remoteInfo = LoginScreenUI;
		};
/* End PBXContainerItemProxy section */

/* Begin PBXFileReference section */
		630706D62C3B4AE10011980B /* LoginScreenUI.app */ = {isa = PBXFileReference; explicitFileType = wrapper.application; includeInIndex = 0; path = LoginScreenUI.app; sourceTree = BUILT_PRODUCTS_DIR; };
		630706D92C3B4AE10011980B /* LoginScreenUIApp.swift */ = {isa = PBXFileReference; lastKnownFileType = sourcecode.swift; path = LoginScreenUIApp.swift; sourceTree = "<group>"; };
		630706DB2C3B4AE10011980B /* ContentView.swift */ = {isa = PBXFileReference; lastKnownFileType = sourcecode.swift; path = ContentView.swift; sourceTree = "<group>"; };
		630706DD2C3B4AE20011980B /* Assets.xcassets */ = {isa = PBXFileReference; lastKnownFileType = folder.assetcatalog; path = Assets.xcassets; sourceTree = "<group>"; };
		630706E02C3B4AE20011980B /* Preview Assets.xcassets */ = {isa = PBXFileReference; lastKnownFileType = folder.assetcatalog; path = "Preview Assets.xcassets"; sourceTree = "<group>"; };
		630706E62C3B4AE20011980B /* LoginScreenUITests.xctest */ = {isa = PBXFileReference; explicitFileType = wrapper.cfbundle; includeInIndex = 0; path = LoginScreenUITests.xctest; sourceTree = BUILT_PRODUCTS_DIR; };
		630706EA2C3B4AE20011980B /* LoginScreenUITests.swift */ = {isa = PBXFileReference; lastKnownFileType = sourcecode.swift; path = LoginScreenUITests.swift; sourceTree = "<group>"; };
		630706F02C3B4AE20011980B /* LoginScreenUIUITests.xctest */ = {isa = PBXFileReference; explicitFileType = wrapper.cfbundle; includeInIndex = 0; path = LoginScreenUIUITests.xctest; sourceTree = BUILT_PRODUCTS_DIR; };
		630706F42C3B4AE20011980B /* LoginScreenUIUITests.swift */ = {isa = PBXFileReference; lastKnownFileType = sourcecode.swift; path = LoginScreenUIUITests.swift; sourceTree = "<group>"; };
		630706F62C3B4AE20011980B /* LoginScreenUIUITestsLaunchTests.swift */ = {isa = PBXFileReference; lastKnownFileType = sourcecode.swift; path = LoginScreenUIUITestsLaunchTests.swift; sourceTree = "<group>"; };
		630707032C3B4EEC0011980B /* CustomColors.swift */ = {isa = PBXFileReference; lastKnownFileType = sourcecode.swift; path = CustomColors.swift; sourceTree = "<group>"; };
		630707052C3B65AC0011980B /* FirstView.swift */ = {isa = PBXFileReference; lastKnownFileType = sourcecode.swift; path = FirstView.swift; sourceTree = "<group>"; };
		630707072C3B669F0011980B /* SecondView.swift */ = {isa = PBXFileReference; lastKnownFileType = sourcecode.swift; path = SecondView.swift; sourceTree = "<group>"; };
		635B35EE2C40B25900C7F060 /* ThirdView.swift */ = {isa = PBXFileReference; lastKnownFileType = sourcecode.swift; path = ThirdView.swift; sourceTree = "<group>"; };
		635B35F02C40C5D000C7F060 /* HomeScreen.swift */ = {isa = PBXFileReference; lastKnownFileType = sourcecode.swift; path = HomeScreen.swift; sourceTree = "<group>"; };
		63AF52B62C4C28E9006DB245 /* CustomTabView.swift */ = {isa = PBXFileReference; lastKnownFileType = sourcecode.swift; path = CustomTabView.swift; sourceTree = "<group>"; };
		63AF52B82C4C28FE006DB245 /* HealthView.swift */ = {isa = PBXFileReference; lastKnownFileType = sourcecode.swift; path = HealthView.swift; sourceTree = "<group>"; };
		63AF52BA2C4C2916006DB245 /* NotificationView.swift */ = {isa = PBXFileReference; lastKnownFileType = sourcecode.swift; path = NotificationView.swift; sourceTree = "<group>"; };
		63AF52BC2C4C2953006DB245 /* OportunitiesView.swift */ = {isa = PBXFileReference; lastKnownFileType = sourcecode.swift; path = OportunitiesView.swift; sourceTree = "<group>"; };
		63AF52BE2C4C2961006DB245 /* HelpView.swift */ = {isa = PBXFileReference; lastKnownFileType = sourcecode.swift; path = HelpView.swift; sourceTree = "<group>"; };
		63AF52C02C4C523C006DB245 /* HomeScreen2.swift */ = {isa = PBXFileReference; lastKnownFileType = sourcecode.swift; path = HomeScreen2.swift; sourceTree = "<group>"; };
		63AF52C82C4E1854006DB245 /* ContentView2.swift */ = {isa = PBXFileReference; fileEncoding = 4; lastKnownFileType = sourcecode.swift; path = ContentView2.swift; sourceTree = "<group>"; };
		63AF52CA2C4E1871006DB245 /* CustomNavBarView.swift */ = {isa = PBXFileReference; fileEncoding = 4; lastKnownFileType = sourcecode.swift; path = CustomNavBarView.swift; sourceTree = "<group>"; };
		63AF52CB2C4E1871006DB245 /* CustomNavView.swift */ = {isa = PBXFileReference; fileEncoding = 4; lastKnownFileType = sourcecode.swift; path = CustomNavView.swift; sourceTree = "<group>"; };
		63AF52CC2C4E1871006DB245 /* CustomNavBarContainerView.swift */ = {isa = PBXFileReference; fileEncoding = 4; lastKnownFileType = sourcecode.swift; path = CustomNavBarContainerView.swift; sourceTree = "<group>"; };
		63AF52CE2C4E1871006DB245 /* CustomNavLink.swift */ = {isa = PBXFileReference; fileEncoding = 4; lastKnownFileType = sourcecode.swift; path = CustomNavLink.swift; sourceTree = "<group>"; };
		63AF52D52C4E1929006DB245 /* Model.swift */ = {isa = PBXFileReference; fileEncoding = 4; lastKnownFileType = sourcecode.swift; path = Model.swift; sourceTree = "<group>"; };
		63AF52D62C4E1929006DB245 /* PlacementButtonView.swift */ = {isa = PBXFileReference; fileEncoding = 4; lastKnownFileType = sourcecode.swift; path = PlacementButtonView.swift; sourceTree = "<group>"; };
		63AF52D72C4E1929006DB245 /* ModelPickerView.swift */ = {isa = PBXFileReference; fileEncoding = 4; lastKnownFileType = sourcecode.swift; path = ModelPickerView.swift; sourceTree = "<group>"; };
		63AF52D82C4E1929006DB245 /* Models */ = {isa = PBXFileReference; lastKnownFileType = folder; path = Models; sourceTree = "<group>"; };
		63CF29852C48DB4300815234 /* CuentaView.swift */ = {isa = PBXFileReference; lastKnownFileType = sourcecode.swift; path = CuentaView.swift; sourceTree = "<group>"; };
/* End PBXFileReference section */

/* Begin PBXFrameworksBuildPhase section */
		630706D32C3B4AE10011980B /* Frameworks */ = {
			isa = PBXFrameworksBuildPhase;
			buildActionMask = 2147483647;
			files = (
				63AF52C72C4E170A006DB245 /* FocusEntity in Frameworks */,
			);
			runOnlyForDeploymentPostprocessing = 0;
		};
		630706E32C3B4AE20011980B /* Frameworks */ = {
			isa = PBXFrameworksBuildPhase;
			buildActionMask = 2147483647;
			files = (
			);
			runOnlyForDeploymentPostprocessing = 0;
		};
		630706ED2C3B4AE20011980B /* Frameworks */ = {
			isa = PBXFrameworksBuildPhase;
			buildActionMask = 2147483647;
			files = (
			);
			runOnlyForDeploymentPostprocessing = 0;
		};
/* End PBXFrameworksBuildPhase section */

/* Begin PBXGroup section */
		630706CD2C3B4AE10011980B = {
			isa = PBXGroup;
			children = (
				63AF52D52C4E1929006DB245 /* Model.swift */,
				63AF52D72C4E1929006DB245 /* ModelPickerView.swift */,
				63AF52D82C4E1929006DB245 /* Models */,
				63AF52D62C4E1929006DB245 /* PlacementButtonView.swift */,
				63AF52D42C4E18B8006DB245 /* CustomBar */,
				63AF52C82C4E1854006DB245 /* ContentView2.swift */,
				630707032C3B4EEC0011980B /* CustomColors.swift */,
				630707092C3B671F0011980B /* Views */,
				630706D82C3B4AE10011980B /* LoginScreenUI */,
				630706E92C3B4AE20011980B /* LoginScreenUITests */,
				630706F32C3B4AE20011980B /* LoginScreenUIUITests */,
				630706D72C3B4AE10011980B /* Products */,
			);
			sourceTree = "<group>";
		};
		630706D72C3B4AE10011980B /* Products */ = {
			isa = PBXGroup;
			children = (
				630706D62C3B4AE10011980B /* LoginScreenUI.app */,
				630706E62C3B4AE20011980B /* LoginScreenUITests.xctest */,
				630706F02C3B4AE20011980B /* LoginScreenUIUITests.xctest */,
			);
			name = Products;
			sourceTree = "<group>";
		};
		630706D82C3B4AE10011980B /* LoginScreenUI */ = {
			isa = PBXGroup;
			children = (
				630706D92C3B4AE10011980B /* LoginScreenUIApp.swift */,
				630706DB2C3B4AE10011980B /* ContentView.swift */,
				630706DD2C3B4AE20011980B /* Assets.xcassets */,
				630706DF2C3B4AE20011980B /* Preview Content */,
			);
			path = LoginScreenUI;
			sourceTree = "<group>";
		};
		630706DF2C3B4AE20011980B /* Preview Content */ = {
			isa = PBXGroup;
			children = (
				630706E02C3B4AE20011980B /* Preview Assets.xcassets */,
			);
			path = "Preview Content";
			sourceTree = "<group>";
		};
		630706E92C3B4AE20011980B /* LoginScreenUITests */ = {
			isa = PBXGroup;
			children = (
				630706EA2C3B4AE20011980B /* LoginScreenUITests.swift */,
			);
			path = LoginScreenUITests;
			sourceTree = "<group>";
		};
		630706F32C3B4AE20011980B /* LoginScreenUIUITests */ = {
			isa = PBXGroup;
			children = (
				630706F42C3B4AE20011980B /* LoginScreenUIUITests.swift */,
				630706F62C3B4AE20011980B /* LoginScreenUIUITestsLaunchTests.swift */,
			);
			path = LoginScreenUIUITests;
			sourceTree = "<group>";
		};
		630707092C3B671F0011980B /* Views */ = {
			isa = PBXGroup;
			children = (
				63AF52B62C4C28E9006DB245 /* CustomTabView.swift */,
				63AF52B82C4C28FE006DB245 /* HealthView.swift */,
				63AF52BA2C4C2916006DB245 /* NotificationView.swift */,
				63AF52BC2C4C2953006DB245 /* OportunitiesView.swift */,
				63AF52BE2C4C2961006DB245 /* HelpView.swift */,
				630707072C3B669F0011980B /* SecondView.swift */,
				630707052C3B65AC0011980B /* FirstView.swift */,
				635B35EE2C40B25900C7F060 /* ThirdView.swift */,
				635B35F02C40C5D000C7F060 /* HomeScreen.swift */,
				63CF29852C48DB4300815234 /* CuentaView.swift */,
				63AF52C02C4C523C006DB245 /* HomeScreen2.swift */,
			);
			path = Views;
			sourceTree = "<group>";
		};
		63AF52D42C4E18B8006DB245 /* CustomBar */ = {
			isa = PBXGroup;
			children = (
				63AF52CC2C4E1871006DB245 /* CustomNavBarContainerView.swift */,
				63AF52CA2C4E1871006DB245 /* CustomNavBarView.swift */,
				63AF52CE2C4E1871006DB245 /* CustomNavLink.swift */,
				63AF52CB2C4E1871006DB245 /* CustomNavView.swift */,
			);
			path = CustomBar;
			sourceTree = "<group>";
		};
/* End PBXGroup section */

/* Begin PBXNativeTarget section */
		630706D52C3B4AE10011980B /* LoginScreenUI */ = {
			isa = PBXNativeTarget;
			buildConfigurationList = 630706FA2C3B4AE20011980B /* Build configuration list for PBXNativeTarget "LoginScreenUI" */;
			buildPhases = (
				630706D22C3B4AE10011980B /* Sources */,
				630706D32C3B4AE10011980B /* Frameworks */,
				630706D42C3B4AE10011980B /* Resources */,
			);
			buildRules = (
			);
			dependencies = (
			);
			name = LoginScreenUI;
			packageProductDependencies = (
				63AF52C62C4E170A006DB245 /* FocusEntity */,
			);
			productName = LoginScreenUI;
			productReference = 630706D62C3B4AE10011980B /* LoginScreenUI.app */;
			productType = "com.apple.product-type.application";
		};
		630706E52C3B4AE20011980B /* LoginScreenUITests */ = {
			isa = PBXNativeTarget;
			buildConfigurationList = 630706FD2C3B4AE20011980B /* Build configuration list for PBXNativeTarget "LoginScreenUITests" */;
			buildPhases = (
				630706E22C3B4AE20011980B /* Sources */,
				630706E32C3B4AE20011980B /* Frameworks */,
				630706E42C3B4AE20011980B /* Resources */,
			);
			buildRules = (
			);
			dependencies = (
				630706E82C3B4AE20011980B /* PBXTargetDependency */,
			);
			name = LoginScreenUITests;
			productName = LoginScreenUITests;
			productReference = 630706E62C3B4AE20011980B /* LoginScreenUITests.xctest */;
			productType = "com.apple.product-type.bundle.unit-test";
		};
		630706EF2C3B4AE20011980B /* LoginScreenUIUITests */ = {
			isa = PBXNativeTarget;
			buildConfigurationList = 630707002C3B4AE20011980B /* Build configuration list for PBXNativeTarget "LoginScreenUIUITests" */;
			buildPhases = (
				630706EC2C3B4AE20011980B /* Sources */,
				630706ED2C3B4AE20011980B /* Frameworks */,
				630706EE2C3B4AE20011980B /* Resources */,
			);
			buildRules = (
			);
			dependencies = (
				630706F22C3B4AE20011980B /* PBXTargetDependency */,
			);
			name = LoginScreenUIUITests;
			productName = LoginScreenUIUITests;
			productReference = 630706F02C3B4AE20011980B /* LoginScreenUIUITests.xctest */;
			productType = "com.apple.product-type.bundle.ui-testing";
		};
/* End PBXNativeTarget section */

/* Begin PBXProject section */
		630706CE2C3B4AE10011980B /* Project object */ = {
			isa = PBXProject;
			attributes = {
				BuildIndependentTargetsInParallel = 1;
				LastSwiftUpdateCheck = 1500;
				LastUpgradeCheck = 1500;
				TargetAttributes = {
					630706D52C3B4AE10011980B = {
						CreatedOnToolsVersion = 15.0;
					};
					630706E52C3B4AE20011980B = {
						CreatedOnToolsVersion = 15.0;
						TestTargetID = 630706D52C3B4AE10011980B;
					};
					630706EF2C3B4AE20011980B = {
						CreatedOnToolsVersion = 15.0;
						TestTargetID = 630706D52C3B4AE10011980B;
					};
				};
			};
			buildConfigurationList = 630706D12C3B4AE10011980B /* Build configuration list for PBXProject "LoginScreenUI" */;
			compatibilityVersion = "Xcode 14.0";
			developmentRegion = en;
			hasScannedForEncodings = 0;
			knownRegions = (
				en,
				Base,
			);
			mainGroup = 630706CD2C3B4AE10011980B;
			packageReferences = (
				63AF52C52C4E170A006DB245 /* XCRemoteSwiftPackageReference "FocusEntity" */,
			);
			productRefGroup = 630706D72C3B4AE10011980B /* Products */;
			projectDirPath = "";
			projectRoot = "";
			targets = (
				630706D52C3B4AE10011980B /* LoginScreenUI */,
				630706E52C3B4AE20011980B /* LoginScreenUITests */,
				630706EF2C3B4AE20011980B /* LoginScreenUIUITests */,
			);
		};
/* End PBXProject section */

/* Begin PBXResourcesBuildPhase section */
		630706D42C3B4AE10011980B /* Resources */ = {
			isa = PBXResourcesBuildPhase;
			buildActionMask = 2147483647;
			files = (
				63AF52DC2C4E1929006DB245 /* Models in Resources */,
				630706E12C3B4AE20011980B /* Preview Assets.xcassets in Resources */,
				630706DE2C3B4AE20011980B /* Assets.xcassets in Resources */,
			);
			runOnlyForDeploymentPostprocessing = 0;
		};
		630706E42C3B4AE20011980B /* Resources */ = {
			isa = PBXResourcesBuildPhase;
			buildActionMask = 2147483647;
			files = (
			);
			runOnlyForDeploymentPostprocessing = 0;
		};
		630706EE2C3B4AE20011980B /* Resources */ = {
			isa = PBXResourcesBuildPhase;
			buildActionMask = 2147483647;
			files = (
			);
			runOnlyForDeploymentPostprocessing = 0;
		};
/* End PBXResourcesBuildPhase section */

/* Begin PBXSourcesBuildPhase section */
		630706D22C3B4AE10011980B /* Sources */ = {
			isa = PBXSourcesBuildPhase;
			buildActionMask = 2147483647;
			files = (
				63AF52D92C4E1929006DB245 /* Model.swift in Sources */,
				630706DC2C3B4AE10011980B /* ContentView.swift in Sources */,
				63AF52CF2C4E1871006DB245 /* CustomNavBarView.swift in Sources */,
				63AF52BF2C4C2961006DB245 /* HelpView.swift in Sources */,
				630707082C3B669F0011980B /* SecondView.swift in Sources */,
				63AF52D32C4E1871006DB245 /* CustomNavLink.swift in Sources */,
				63AF52DA2C4E1929006DB245 /* PlacementButtonView.swift in Sources */,
				63AF52DB2C4E1929006DB245 /* ModelPickerView.swift in Sources */,
				635B35F12C40C5D000C7F060 /* HomeScreen.swift in Sources */,
				63AF52D12C4E1871006DB245 /* CustomNavBarContainerView.swift in Sources */,
				63AF52BB2C4C2916006DB245 /* NotificationView.swift in Sources */,
				63AF52D02C4E1871006DB245 /* CustomNavView.swift in Sources */,
				630707062C3B65AC0011980B /* FirstView.swift in Sources */,
				630707042C3B4EEC0011980B /* CustomColors.swift in Sources */,
				63AF52C12C4C523C006DB245 /* HomeScreen2.swift in Sources */,
				635B35EF2C40B25900C7F060 /* ThirdView.swift in Sources */,
				63AF52B72C4C28E9006DB245 /* CustomTabView.swift in Sources */,
				63CF29862C48DB4300815234 /* CuentaView.swift in Sources */,
				63AF52C92C4E1854006DB245 /* ContentView2.swift in Sources */,
				63AF52BD2C4C2953006DB245 /* OportunitiesView.swift in Sources */,
				63AF52B92C4C28FE006DB245 /* HealthView.swift in Sources */,
				630706DA2C3B4AE10011980B /* LoginScreenUIApp.swift in Sources */,
			);
			runOnlyForDeploymentPostprocessing = 0;
		};
		630706E22C3B4AE20011980B /* Sources */ = {
			isa = PBXSourcesBuildPhase;
			buildActionMask = 2147483647;
			files = (
				630706EB2C3B4AE20011980B /* LoginScreenUITests.swift in Sources */,
			);
			runOnlyForDeploymentPostprocessing = 0;
		};
		630706EC2C3B4AE20011980B /* Sources */ = {
			isa = PBXSourcesBuildPhase;
			buildActionMask = 2147483647;
			files = (
				630706F72C3B4AE20011980B /* LoginScreenUIUITestsLaunchTests.swift in Sources */,
				630706F52C3B4AE20011980B /* LoginScreenUIUITests.swift in Sources */,
			);
			runOnlyForDeploymentPostprocessing = 0;
		};
/* End PBXSourcesBuildPhase section */

/* Begin PBXTargetDependency section */
		630706E82C3B4AE20011980B /* PBXTargetDependency */ = {
			isa = PBXTargetDependency;
			target = 630706D52C3B4AE10011980B /* LoginScreenUI */;
			targetProxy = 630706E72C3B4AE20011980B /* PBXContainerItemProxy */;
		};
		630706F22C3B4AE20011980B /* PBXTargetDependency */ = {
			isa = PBXTargetDependency;
			target = 630706D52C3B4AE10011980B /* LoginScreenUI */;
			targetProxy = 630706F12C3B4AE20011980B /* PBXContainerItemProxy */;
		};
/* End PBXTargetDependency section */

/* Begin XCBuildConfiguration section */
		630706F82C3B4AE20011980B /* Debug */ = {
			isa = XCBuildConfiguration;
			buildSettings = {
				ALWAYS_SEARCH_USER_PATHS = NO;
				ASSETCATALOG_COMPILER_GENERATE_SWIFT_ASSET_SYMBOL_EXTENSIONS = YES;
				CLANG_ANALYZER_NONNULL = YES;
				CLANG_ANALYZER_NUMBER_OBJECT_CONVERSION = YES_AGGRESSIVE;
				CLANG_CXX_LANGUAGE_STANDARD = "gnu++20";
				CLANG_ENABLE_MODULES = YES;
				CLANG_ENABLE_OBJC_ARC = YES;
				CLANG_ENABLE_OBJC_WEAK = YES;
				CLANG_WARN_BLOCK_CAPTURE_AUTORELEASING = YES;
				CLANG_WARN_BOOL_CONVERSION = YES;
				CLANG_WARN_COMMA = YES;
				CLANG_WARN_CONSTANT_CONVERSION = YES;
				CLANG_WARN_DEPRECATED_OBJC_IMPLEMENTATIONS = YES;
				CLANG_WARN_DIRECT_OBJC_ISA_USAGE = YES_ERROR;
				CLANG_WARN_DOCUMENTATION_COMMENTS = YES;
				CLANG_WARN_EMPTY_BODY = YES;
				CLANG_WARN_ENUM_CONVERSION = YES;
				CLANG_WARN_INFINITE_RECURSION = YES;
				CLANG_WARN_INT_CONVERSION = YES;
				CLANG_WARN_NON_LITERAL_NULL_CONVERSION = YES;
				CLANG_WARN_OBJC_IMPLICIT_RETAIN_SELF = YES;
				CLANG_WARN_OBJC_LITERAL_CONVERSION = YES;
				CLANG_WARN_OBJC_ROOT_CLASS = YES_ERROR;
				CLANG_WARN_QUOTED_INCLUDE_IN_FRAMEWORK_HEADER = YES;
				CLANG_WARN_RANGE_LOOP_ANALYSIS = YES;
				CLANG_WARN_STRICT_PROTOTYPES = YES;
				CLANG_WARN_SUSPICIOUS_MOVE = YES;
				CLANG_WARN_UNGUARDED_AVAILABILITY = YES_AGGRESSIVE;
				CLANG_WARN_UNREACHABLE_CODE = YES;
				CLANG_WARN__DUPLICATE_METHOD_MATCH = YES;
				COPY_PHASE_STRIP = NO;
				DEBUG_INFORMATION_FORMAT = dwarf;
				ENABLE_STRICT_OBJC_MSGSEND = YES;
				ENABLE_TESTABILITY = YES;
				ENABLE_USER_SCRIPT_SANDBOXING = YES;
				GCC_C_LANGUAGE_STANDARD = gnu17;
				GCC_DYNAMIC_NO_PIC = NO;
				GCC_NO_COMMON_BLOCKS = YES;
				GCC_OPTIMIZATION_LEVEL = 0;
				GCC_PREPROCESSOR_DEFINITIONS = (
					"DEBUG=1",
					"$(inherited)",
				);
				GCC_WARN_64_TO_32_BIT_CONVERSION = YES;
				GCC_WARN_ABOUT_RETURN_TYPE = YES_ERROR;
				GCC_WARN_UNDECLARED_SELECTOR = YES;
				GCC_WARN_UNINITIALIZED_AUTOS = YES_AGGRESSIVE;
				GCC_WARN_UNUSED_FUNCTION = YES;
				GCC_WARN_UNUSED_VARIABLE = YES;
				IPHONEOS_DEPLOYMENT_TARGET = 17.0;
				LOCALIZATION_PREFERS_STRING_CATALOGS = YES;
				MTL_ENABLE_DEBUG_INFO = INCLUDE_SOURCE;
				MTL_FAST_MATH = YES;
				ONLY_ACTIVE_ARCH = YES;
				SDKROOT = iphoneos;
				SWIFT_ACTIVE_COMPILATION_CONDITIONS = "DEBUG $(inherited)";
				SWIFT_OPTIMIZATION_LEVEL = "-Onone";
			};
			name = Debug;
		};
		630706F92C3B4AE20011980B /* Release */ = {
			isa = XCBuildConfiguration;
			buildSettings = {
				ALWAYS_SEARCH_USER_PATHS = NO;
				ASSETCATALOG_COMPILER_GENERATE_SWIFT_ASSET_SYMBOL_EXTENSIONS = YES;
				CLANG_ANALYZER_NONNULL = YES;
				CLANG_ANALYZER_NUMBER_OBJECT_CONVERSION = YES_AGGRESSIVE;
				CLANG_CXX_LANGUAGE_STANDARD = "gnu++20";
				CLANG_ENABLE_MODULES = YES;
				CLANG_ENABLE_OBJC_ARC = YES;
				CLANG_ENABLE_OBJC_WEAK = YES;
				CLANG_WARN_BLOCK_CAPTURE_AUTORELEASING = YES;
				CLANG_WARN_BOOL_CONVERSION = YES;
				CLANG_WARN_COMMA = YES;
				CLANG_WARN_CONSTANT_CONVERSION = YES;
				CLANG_WARN_DEPRECATED_OBJC_IMPLEMENTATIONS = YES;
				CLANG_WARN_DIRECT_OBJC_ISA_USAGE = YES_ERROR;
				CLANG_WARN_DOCUMENTATION_COMMENTS = YES;
				CLANG_WARN_EMPTY_BODY = YES;
				CLANG_WARN_ENUM_CONVERSION = YES;
				CLANG_WARN_INFINITE_RECURSION = YES;
				CLANG_WARN_INT_CONVERSION = YES;
				CLANG_WARN_NON_LITERAL_NULL_CONVERSION = YES;
				CLANG_WARN_OBJC_IMPLICIT_RETAIN_SELF = YES;
				CLANG_WARN_OBJC_LITERAL_CONVERSION = YES;
				CLANG_WARN_OBJC_ROOT_CLASS = YES_ERROR;
				CLANG_WARN_QUOTED_INCLUDE_IN_FRAMEWORK_HEADER = YES;
				CLANG_WARN_RANGE_LOOP_ANALYSIS = YES;
				CLANG_WARN_STRICT_PROTOTYPES = YES;
				CLANG_WARN_SUSPICIOUS_MOVE = YES;
				CLANG_WARN_UNGUARDED_AVAILABILITY = YES_AGGRESSIVE;
				CLANG_WARN_UNREACHABLE_CODE = YES;
				CLANG_WARN__DUPLICATE_METHOD_MATCH = YES;
				COPY_PHASE_STRIP = NO;
				DEBUG_INFORMATION_FORMAT = "dwarf-with-dsym";
				ENABLE_NS_ASSERTIONS = NO;
				ENABLE_STRICT_OBJC_MSGSEND = YES;
				ENABLE_USER_SCRIPT_SANDBOXING = YES;
				GCC_C_LANGUAGE_STANDARD = gnu17;
				GCC_NO_COMMON_BLOCKS = YES;
				GCC_WARN_64_TO_32_BIT_CONVERSION = YES;
				GCC_WARN_ABOUT_RETURN_TYPE = YES_ERROR;
				GCC_WARN_UNDECLARED_SELECTOR = YES;
				GCC_WARN_UNINITIALIZED_AUTOS = YES_AGGRESSIVE;
				GCC_WARN_UNUSED_FUNCTION = YES;
				GCC_WARN_UNUSED_VARIABLE = YES;
				IPHONEOS_DEPLOYMENT_TARGET = 17.0;
				LOCALIZATION_PREFERS_STRING_CATALOGS = YES;
				MTL_ENABLE_DEBUG_INFO = NO;
				MTL_FAST_MATH = YES;
				SDKROOT = iphoneos;
				SWIFT_COMPILATION_MODE = wholemodule;
				VALIDATE_PRODUCT = YES;
			};
			name = Release;
		};
		630706FB2C3B4AE20011980B /* Debug */ = {
			isa = XCBuildConfiguration;
			buildSettings = {
				ASSETCATALOG_COMPILER_APPICON_NAME = AppIcon;
				ASSETCATALOG_COMPILER_GLOBAL_ACCENT_COLOR_NAME = AccentColor;
				CODE_SIGN_STYLE = Automatic;
				CURRENT_PROJECT_VERSION = 1;
				DEVELOPMENT_ASSET_PATHS = "\"LoginScreenUI/Preview Content\"";
				DEVELOPMENT_TEAM = V9V6YJCL2K;
				ENABLE_PREVIEWS = YES;
				GENERATE_INFOPLIST_FILE = YES;
				INFOPLIST_KEY_NSFaceIDUsageDescription = "We use this to unlock the phone";
				INFOPLIST_KEY_UIApplicationSceneManifest_Generation = YES;
				INFOPLIST_KEY_UIApplicationSupportsIndirectInputEvents = YES;
				INFOPLIST_KEY_UILaunchScreen_Generation = YES;
				INFOPLIST_KEY_UISupportedInterfaceOrientations_iPad = "UIInterfaceOrientationPortrait UIInterfaceOrientationPortraitUpsideDown UIInterfaceOrientationLandscapeLeft UIInterfaceOrientationLandscapeRight";
				INFOPLIST_KEY_UISupportedInterfaceOrientations_iPhone = "UIInterfaceOrientationPortrait UIInterfaceOrientationLandscapeLeft UIInterfaceOrientationLandscapeRight";
				LD_RUNPATH_SEARCH_PATHS = (
					"$(inherited)",
					"@executable_path/Frameworks",
				);
				MARKETING_VERSION = 1.0;
				PRODUCT_BUNDLE_IDENTIFIER = FiTech.LoginScreenUI;
				PRODUCT_NAME = "$(TARGET_NAME)";
				SWIFT_EMIT_LOC_STRINGS = YES;
				SWIFT_VERSION = 5.0;
				TARGETED_DEVICE_FAMILY = "1,2";
			};
			name = Debug;
		};
		630706FC2C3B4AE20011980B /* Release */ = {
			isa = XCBuildConfiguration;
			buildSettings = {
				ASSETCATALOG_COMPILER_APPICON_NAME = AppIcon;
				ASSETCATALOG_COMPILER_GLOBAL_ACCENT_COLOR_NAME = AccentColor;
				CODE_SIGN_STYLE = Automatic;
				CURRENT_PROJECT_VERSION = 1;
				DEVELOPMENT_ASSET_PATHS = "\"LoginScreenUI/Preview Content\"";
				DEVELOPMENT_TEAM = V9V6YJCL2K;
				ENABLE_PREVIEWS = YES;
				GENERATE_INFOPLIST_FILE = YES;
				INFOPLIST_KEY_NSFaceIDUsageDescription = "We use this to unlock the phone";
				INFOPLIST_KEY_UIApplicationSceneManifest_Generation = YES;
				INFOPLIST_KEY_UIApplicationSupportsIndirectInputEvents = YES;
				INFOPLIST_KEY_UILaunchScreen_Generation = YES;
				INFOPLIST_KEY_UISupportedInterfaceOrientations_iPad = "UIInterfaceOrientationPortrait UIInterfaceOrientationPortraitUpsideDown UIInterfaceOrientationLandscapeLeft UIInterfaceOrientationLandscapeRight";
				INFOPLIST_KEY_UISupportedInterfaceOrientations_iPhone = "UIInterfaceOrientationPortrait UIInterfaceOrientationLandscapeLeft UIInterfaceOrientationLandscapeRight";
				LD_RUNPATH_SEARCH_PATHS = (
					"$(inherited)",
					"@executable_path/Frameworks",
				);
				MARKETING_VERSION = 1.0;
				PRODUCT_BUNDLE_IDENTIFIER = FiTech.LoginScreenUI;
				PRODUCT_NAME = "$(TARGET_NAME)";
				SWIFT_EMIT_LOC_STRINGS = YES;
				SWIFT_VERSION = 5.0;
				TARGETED_DEVICE_FAMILY = "1,2";
			};
			name = Release;
		};
		630706FE2C3B4AE20011980B /* Debug */ = {
			isa = XCBuildConfiguration;
			buildSettings = {
				ALWAYS_EMBED_SWIFT_STANDARD_LIBRARIES = YES;
				BUNDLE_LOADER = "$(TEST_HOST)";
				CODE_SIGN_STYLE = Automatic;
				CURRENT_PROJECT_VERSION = 1;
				GENERATE_INFOPLIST_FILE = YES;
				IPHONEOS_DEPLOYMENT_TARGET = 17.0;
				MARKETING_VERSION = 1.0;
				PRODUCT_BUNDLE_IDENTIFIER = FiTech.LoginScreenUITests;
				PRODUCT_NAME = "$(TARGET_NAME)";
				SWIFT_EMIT_LOC_STRINGS = NO;
				SWIFT_VERSION = 5.0;
				TARGETED_DEVICE_FAMILY = "1,2";
				TEST_HOST = "$(BUILT_PRODUCTS_DIR)/LoginScreenUI.app/$(BUNDLE_EXECUTABLE_FOLDER_PATH)/LoginScreenUI";
			};
			name = Debug;
		};
		630706FF2C3B4AE20011980B /* Release */ = {
			isa = XCBuildConfiguration;
			buildSettings = {
				ALWAYS_EMBED_SWIFT_STANDARD_LIBRARIES = YES;
				BUNDLE_LOADER = "$(TEST_HOST)";
				CODE_SIGN_STYLE = Automatic;
				CURRENT_PROJECT_VERSION = 1;
				GENERATE_INFOPLIST_FILE = YES;
				IPHONEOS_DEPLOYMENT_TARGET = 17.0;
				MARKETING_VERSION = 1.0;
				PRODUCT_BUNDLE_IDENTIFIER = FiTech.LoginScreenUITests;
				PRODUCT_NAME = "$(TARGET_NAME)";
				SWIFT_EMIT_LOC_STRINGS = NO;
				SWIFT_VERSION = 5.0;
				TARGETED_DEVICE_FAMILY = "1,2";
				TEST_HOST = "$(BUILT_PRODUCTS_DIR)/LoginScreenUI.app/$(BUNDLE_EXECUTABLE_FOLDER_PATH)/LoginScreenUI";
			};
			name = Release;
		};
		630707012C3B4AE20011980B /* Debug */ = {
			isa = XCBuildConfiguration;
			buildSettings = {
				ALWAYS_EMBED_SWIFT_STANDARD_LIBRARIES = YES;
				CODE_SIGN_STYLE = Automatic;
				CURRENT_PROJECT_VERSION = 1;
				GENERATE_INFOPLIST_FILE = YES;
				MARKETING_VERSION = 1.0;
				PRODUCT_BUNDLE_IDENTIFIER = FiTech.LoginScreenUIUITests;
				PRODUCT_NAME = "$(TARGET_NAME)";
				SWIFT_EMIT_LOC_STRINGS = NO;
				SWIFT_VERSION = 5.0;
				TARGETED_DEVICE_FAMILY = "1,2";
				TEST_TARGET_NAME = LoginScreenUI;
			};
			name = Debug;
		};
		630707022C3B4AE20011980B /* Release */ = {
			isa = XCBuildConfiguration;
			buildSettings = {
				ALWAYS_EMBED_SWIFT_STANDARD_LIBRARIES = YES;
				CODE_SIGN_STYLE = Automatic;
				CURRENT_PROJECT_VERSION = 1;
				GENERATE_INFOPLIST_FILE = YES;
				MARKETING_VERSION = 1.0;
				PRODUCT_BUNDLE_IDENTIFIER = FiTech.LoginScreenUIUITests;
				PRODUCT_NAME = "$(TARGET_NAME)";
				SWIFT_EMIT_LOC_STRINGS = NO;
				SWIFT_VERSION = 5.0;
				TARGETED_DEVICE_FAMILY = "1,2";
				TEST_TARGET_NAME = LoginScreenUI;
			};
			name = Release;
		};
/* End XCBuildConfiguration section */

/* Begin XCConfigurationList section */
		630706D12C3B4AE10011980B /* Build configuration list for PBXProject "LoginScreenUI" */ = {
			isa = XCConfigurationList;
			buildConfigurations = (
				630706F82C3B4AE20011980B /* Debug */,
				630706F92C3B4AE20011980B /* Release */,
			);
			defaultConfigurationIsVisible = 0;
			defaultConfigurationName = Release;
		};
		630706FA2C3B4AE20011980B /* Build configuration list for PBXNativeTarget "LoginScreenUI" */ = {
			isa = XCConfigurationList;
			buildConfigurations = (
				630706FB2C3B4AE20011980B /* Debug */,
				630706FC2C3B4AE20011980B /* Release */,
			);
			defaultConfigurationIsVisible = 0;
			defaultConfigurationName = Release;
		};
		630706FD2C3B4AE20011980B /* Build configuration list for PBXNativeTarget "LoginScreenUITests" */ = {
			isa = XCConfigurationList;
			buildConfigurations = (
				630706FE2C3B4AE20011980B /* Debug */,
				630706FF2C3B4AE20011980B /* Release */,
			);
			defaultConfigurationIsVisible = 0;
			defaultConfigurationName = Release;
		};
		630707002C3B4AE20011980B /* Build configuration list for PBXNativeTarget "LoginScreenUIUITests" */ = {
			isa = XCConfigurationList;
			buildConfigurations = (
				630707012C3B4AE20011980B /* Debug */,
				630707022C3B4AE20011980B /* Release */,
			);
			defaultConfigurationIsVisible = 0;
			defaultConfigurationName = Release;
		};
/* End XCConfigurationList section */

/* Begin XCRemoteSwiftPackageReference section */
		63AF52C52C4E170A006DB245 /* XCRemoteSwiftPackageReference "FocusEntity" */ = {
			isa = XCRemoteSwiftPackageReference;
			repositoryURL = "https://github.com/maxxfrazer/FocusEntity.git";
			requirement = {
				kind = upToNextMajorVersion;
				minimumVersion = 2.5.1;
			};
		};
/* End XCRemoteSwiftPackageReference section */

/* Begin XCSwiftPackageProductDependency section */
		63AF52C62C4E170A006DB245 /* FocusEntity */ = {
			isa = XCSwiftPackageProductDependency;
			package = 63AF52C52C4E170A006DB245 /* XCRemoteSwiftPackageReference "FocusEntity" */;
			productName = FocusEntity;
		};
/* End XCSwiftPackageProductDependency section */
	};
	rootObject = 630706CE2C3B4AE10011980B /* Project object */;
}
